// !$*UTF8*$!
{
	archiveVersion = 1;
	classes = {
	};
	objectVersion = 46;
	objects = {

/* Begin PBXBuildFile section */
		40811A631E4D583E0048C489 /* AppDelegate.swift in Sources */ = {isa = PBXBuildFile; fileRef = 40811A621E4D583E0048C489 /* AppDelegate.swift */; };
		40811A651E4D583E0048C489 /* ViewController.swift in Sources */ = {isa = PBXBuildFile; fileRef = 40811A641E4D583E0048C489 /* ViewController.swift */; };
		40811A681E4D583E0048C489 /* Main.storyboard in Resources */ = {isa = PBXBuildFile; fileRef = 40811A661E4D583E0048C489 /* Main.storyboard */; };
		40811A6A1E4D583E0048C489 /* Assets.xcassets in Resources */ = {isa = PBXBuildFile; fileRef = 40811A691E4D583E0048C489 /* Assets.xcassets */; };
		40811A6D1E4D583E0048C489 /* LaunchScreen.storyboard in Resources */ = {isa = PBXBuildFile; fileRef = 40811A6B1E4D583E0048C489 /* LaunchScreen.storyboard */; };
		40811A761E4D59840048C489 /* MYTagsView.swift in Sources */ = {isa = PBXBuildFile; fileRef = 40811A751E4D59840048C489 /* MYTagsView.swift */; };
/* End PBXBuildFile section */

/* Begin PBXFileReference section */
		40811A5F1E4D583E0048C489 /* MYTagsViewDemo.app */ = {isa = PBXFileReference; explicitFileType = wrapper.application; includeInIndex = 0; path = MYTagsViewDemo.app; sourceTree = BUILT_PRODUCTS_DIR; };
		40811A621E4D583E0048C489 /* AppDelegate.swift */ = {isa = PBXFileReference; lastKnownFileType = sourcecode.swift; path = AppDelegate.swift; sourceTree = "<group>"; };
		40811A641E4D583E0048C489 /* ViewController.swift */ = {isa = PBXFileReference; lastKnownFileType = sourcecode.swift; path = ViewController.swift; sourceTree = "<group>"; };
		40811A671E4D583E0048C489 /* Base */ = {isa = PBXFileReference; lastKnownFileType = file.storyboard; name = Base; path = Base.lproj/Main.storyboard; sourceTree = "<group>"; };
		40811A691E4D583E0048C489 /* Assets.xcassets */ = {isa = PBXFileReference; lastKnownFileType = folder.assetcatalog; path = Assets.xcassets; sourceTree = "<group>"; };
		40811A6C1E4D583E0048C489 /* Base */ = {isa = PBXFileReference; lastKnownFileType = file.storyboard; name = Base; path = Base.lproj/LaunchScreen.storyboard; sourceTree = "<group>"; };
		40811A6E1E4D583E0048C489 /* Info.plist */ = {isa = PBXFileReference; lastKnownFileType = text.plist.xml; path = Info.plist; sourceTree = "<group>"; };
		40811A751E4D59840048C489 /* MYTagsView.swift */ = {isa = PBXFileReference; fileEncoding = 4; lastKnownFileType = sourcecode.swift; path = MYTagsView.swift; sourceTree = "<group>"; };
/* End PBXFileReference section */

/* Begin PBXFrameworksBuildPhase section */
		40811A5C1E4D583E0048C489 /* Frameworks */ = {
			isa = PBXFrameworksBuildPhase;
			buildActionMask = 2147483647;
			files = (
			);
			runOnlyForDeploymentPostprocessing = 0;
		};
/* End PBXFrameworksBuildPhase section */

/* Begin PBXGroup section */
		40811A561E4D583E0048C489 = {
			isa = PBXGroup;
			children = (
				40811A611E4D583E0048C489 /* MYTagsViewDemo */,
				40811A601E4D583E0048C489 /* Products */,
			);
			sourceTree = "<group>";
		};
		40811A601E4D583E0048C489 /* Products */ = {
			isa = PBXGroup;
			children = (
				40811A5F1E4D583E0048C489 /* MYTagsViewDemo.app */,
			);
			name = Products;
			sourceTree = "<group>";
		};
		40811A611E4D583E0048C489 /* MYTagsViewDemo */ = {
			isa = PBXGroup;
			children = (
				40811A621E4D583E0048C489 /* AppDelegate.swift */,
				40811A641E4D583E0048C489 /* ViewController.swift */,
				40811A661E4D583E0048C489 /* Main.storyboard */,
				40811A691E4D583E0048C489 /* Assets.xcassets */,
				40811A6B1E4D583E0048C489 /* LaunchScreen.storyboard */,
				40811A6E1E4D583E0048C489 /* Info.plist */,
				40811A741E4D58500048C489 /* MYTagsView */,
			);
			path = MYTagsViewDemo;
			sourceTree = "<group>";
		};
		40811A741E4D58500048C489 /* MYTagsView */ = {
			isa = PBXGroup;
			children = (
				40811A751E4D59840048C489 /* MYTagsView.swift */,
			);
			path = MYTagsView;
			sourceTree = "<group>";
		};
/* End PBXGroup section */

/* Begin PBXNativeTarget section */
		40811A5E1E4D583E0048C489 /* MYTagsViewDemo */ = {
			isa = PBXNativeTarget;
			buildConfigurationList = 40811A711E4D583E0048C489 /* Build configuration list for PBXNativeTarget "MYTagsViewDemo" */;
			buildPhases = (
				40811A5B1E4D583E0048C489 /* Sources */,
				40811A5C1E4D583E0048C489 /* Frameworks */,
				40811A5D1E4D583E0048C489 /* Resources */,
			);
			buildRules = (
			);
			dependencies = (
			);
			name = MYTagsViewDemo;
			productName = MYTagsViewDemo;
			productReference = 40811A5F1E4D583E0048C489 /* MYTagsViewDemo.app */;
			productType = "com.apple.product-type.application";
		};
/* End PBXNativeTarget section */

/* Begin PBXProject section */
		40811A571E4D583E0048C489 /* Project object */ = {
			isa = PBXProject;
			attributes = {
				LastSwiftUpdateCheck = 0820;
				LastUpgradeCheck = 0820;
				ORGANIZATIONNAME = "朱益锋";
				TargetAttributes = {
					40811A5E1E4D583E0048C489 = {
						CreatedOnToolsVersion = 8.2.1;
						DevelopmentTeam = 6PV3E3Y4LF;
						ProvisioningStyle = Automatic;
					};
				};
			};
			buildConfigurationList = 40811A5A1E4D583E0048C489 /* Build configuration list for PBXProject "MYTagsViewDemo" */;
			compatibilityVersion = "Xcode 3.2";
			developmentRegion = English;
			hasScannedForEncodings = 0;
			knownRegions = (
				en,
				Base,
			);
			mainGroup = 40811A561E4D583E0048C489;
			productRefGroup = 40811A601E4D583E0048C489 /* Products */;
			projectDirPath = "";
			projectRoot = "";
			targets = (
				40811A5E1E4D583E0048C489 /* MYTagsViewDemo */,
			);
		};
/* End PBXProject section */

/* Begin PBXResourcesBuildPhase section */
		40811A5D1E4D583E0048C489 /* Resources */ = {
			isa = PBXResourcesBuildPhase;
			buildActionMask = 2147483647;
			files = (
				40811A6D1E4D583E0048C489 /* LaunchScreen.storyboard in Resources */,
				40811A6A1E4D583E0048C489 /* Assets.xcassets in Resources */,
				40811A681E4D583E0048C489 /* Main.storyboard in Resources */,
			);
			runOnlyForDeploymentPostprocessing = 0;
		};
/* End PBXResourcesBuildPhase section */

/* Begin PBXSourcesBuildPhase section */
		40811A5B1E4D583E0048C489 /* Sources */ = {
			isa = PBXSourcesBuildPhase;
			buildActionMask = 2147483647;
			files = (
				40811A651E4D583E0048C489 /* ViewController.swift in Sources */,
				40811A631E4D583E0048C489 /* AppDelegate.swift in Sources */,
				40811A761E4D59840048C489 /* MYTagsView.swift in Sources */,
			);
			runOnlyForDeploymentPostprocessing = 0;
		};
/* End PBXSourcesBuildPhase section */

/* Begin PBXVariantGroup section */
		40811A661E4D583E0048C489 /* Main.storyboard */ = {
			isa = PBXVariantGroup;
			children = (
				40811A671E4D583E0048C489 /* Base */,
			);
			name = Main.storyboard;
			sourceTree = "<group>";
		};
		40811A6B1E4D583E0048C489 /* LaunchScreen.storyboard */ = {
			isa = PBXVariantGroup;
			children = (
				40811A6C1E4D583E0048C489 /* Base */,
			);
			name = LaunchScreen.storyboard;
			sourceTree = "<group>";
		};
/* End PBXVariantGroup section */

/* Begin XCBuildConfiguration section */
		40811A6F1E4D583E0048C489 /* Debug */ = {
			isa = XCBuildConfiguration;
			buildSettings = {
				ALWAYS_SEARCH_USER_PATHS = NO;
				CLANG_ANALYZER_NONNULL = YES;
				CLANG_CXX_LANGUAGE_STANDARD = "gnu++0x";
				CLANG_CXX_LIBRARY = "libc++";
				CLANG_ENABLE_MODULES = YES;
				CLANG_ENABLE_OBJC_ARC = YES;
				CLANG_WARN_BOOL_CONVERSION = YES;
				CLANG_WARN_CONSTANT_CONVERSION = YES;
				CLANG_WARN_DIRECT_OBJC_ISA_USAGE = YES_ERROR;
				CLANG_WARN_DOCUMENTATION_COMMENTS = YES;
				CLANG_WARN_EMPTY_BODY = YES;
				CLANG_WARN_ENUM_CONVERSION = YES;
				CLANG_WARN_INFINITE_RECURSION = YES;
				CLANG_WARN_INT_CONVERSION = YES;
				CLANG_WARN_OBJC_ROOT_CLASS = YES_ERROR;
				CLANG_WARN_SUSPICIOUS_MOVE = YES;
				CLANG_WARN_UNREACHABLE_CODE = YES;
				CLANG_WARN__DUPLICATE_METHOD_MATCH = YES;
				"CODE_SIGN_IDENTITY[sdk=iphoneos*]" = "iPhone Developer";
				COPY_PHASE_STRIP = NO;
				DEBUG_INFORMATION_FORMAT = dwarf;
				ENABLE_STRICT_OBJC_MSGSEND = YES;
				ENABLE_TESTABILITY = YES;
				GCC_C_LANGUAGE_STANDARD = gnu99;
				GCC_DYNAMIC_NO_PIC = NO;
				GCC_NO_COMMON_BLOCKS = YES;
				GCC_OPTIMIZATION_LEVEL = 0;
				GCC_PREPROCESSOR_DEFINITIONS = (
					"DEBUG=1",
					"$(inherited)",
				);
				GCC_WARN_64_TO_32_BIT_CONVERSION = YES;
				GCC_WARN_ABOUT_RETURN_TYPE = YES_ERROR;
				GCC_WARN_UNDECLARED_SELECTOR = YES;
				GCC_WARN_UNINITIALIZED_AUTOS = YES_AGGRESSIVE;
				GCC_WARN_UNUSED_FUNCTION = YES;
				GCC_WARN_UNUSED_VARIABLE = YES;
				IPHONEOS_DEPLOYMENT_TARGET = 10.2;
				MTL_ENABLE_DEBUG_INFO = YES;
				ONLY_ACTIVE_ARCH = YES;
				SDKROOT = iphoneos;
				SWIFT_ACTIVE_COMPILATION_CONDITIONS = DEBUG;
				SWIFT_OPTIMIZATION_LEVEL = "-Onone";
				TARGETED_DEVICE_FAMILY = "1,2";
			};
			name = Debug;
		};
		40811A701E4D583E0048C489 /* Release */ = {
			isa = XCBuildConfiguration;
			buildSettings = {
				ALWAYS_SEARCH_USER_PATHS = NO;
				CLANG_ANALYZER_NONNULL = YES;
				CLANG_CXX_LANGUAGE_STANDARD = "gnu++0x";
				CLANG_CXX_LIBRARY = "libc++";
				CLANG_ENABLE_MODULES = YES;
				CLANG_ENABLE_OBJC_ARC = YES;
				CLANG_WARN_BOOL_CONVERSION = YES;
				CLANG_WARN_CONSTANT_CONVERSION = YES;
				CLANG_WARN_DIRECT_OBJC_ISA_USAGE = YES_ERROR;
				CLANG_WARN_DOCUMENTATION_COMMENTS = YES;
				CLANG_WARN_EMPTY_BODY = YES;
				CLANG_WARN_ENUM_CONVERSION = YES;
				CLANG_WARN_INFINITE_RECURSION = YES;
				CLANG_WARN_INT_CONVERSION = YES;
				CLANG_WARN_OBJC_ROOT_CLASS = YES_ERROR;
				CLANG_WARN_SUSPICIOUS_MOVE = YES;
				CLANG_WARN_UNREACHABLE_CODE = YES;
				CLANG_WARN__DUPLICATE_METHOD_MATCH = YES;
				"CODE_SIGN_IDENTITY[sdk=iphoneos*]" = "iPhone Developer";
				COPY_PHASE_STRIP = NO;
				DEBUG_INFORMATION_FORMAT = "dwarf-with-dsym";
				ENABLE_NS_ASSERTIONS = NO;
				ENABLE_STRICT_OBJC_MSGSEND = YES;
				GCC_C_LANGUAGE_STANDARD = gnu99;
				GCC_NO_COMMON_BLOCKS = YES;
				GCC_WARN_64_TO_32_BIT_CONVERSION = YES;
				GCC_WARN_ABOUT_RETURN_TYPE = YES_ERROR;
				GCC_WARN_UNDECLARED_SELECTOR = YES;
				GCC_WARN_UNINITIALIZED_AUTOS = YES_AGGRESSIVE;
				GCC_WARN_UNUSED_FUNCTION = YES;
				GCC_WARN_UNUSED_VARIABLE = YES;
				IPHONEOS_DEPLOYMENT_TARGET = 10.2;
				MTL_ENABLE_DEBUG_INFO = NO;
				SDKROOT = iphoneos;
				SWIFT_OPTIMIZATION_LEVEL = "-Owholemodule";
				TARGETED_DEVICE_FAMILY = "1,2";
				VALIDATE_PRODUCT = YES;
			};
			name = Release;
		};
		40811A721E4D583E0048C489 /* Debug */ = {
			isa = XCBuildConfiguration;
			buildSettings = {
				ASSETCATALOG_COMPILER_APPICON_NAME = AppIcon;
				DEVELOPMENT_TEAM = 6PV3E3Y4LF;
				INFOPLIST_FILE = MYTagsViewDemo/Info.plist;
				LD_RUNPATH_SEARCH_PATHS = "$(inherited) @executable_path/Frameworks";
				PRODUCT_BUNDLE_IDENTIFIER = com.zhuyifeng.MYTagsViewDemo;
				PRODUCT_NAME = "$(TARGET_NAME)";
				SWIFT_VERSION = 3.0;
			};
			name = Debug;
		};
		40811A731E4D583E0048C489 /* Release */ = {
			isa = XCBuildConfiguration;
			buildSettings = {
				ASSETCATALOG_COMPILER_APPICON_NAME = AppIcon;
				DEVELOPMENT_TEAM = 6PV3E3Y4LF;
				INFOPLIST_FILE = MYTagsViewDemo/Info.plist;
				LD_RUNPATH_SEARCH_PATHS = "$(inherited) @executable_path/Frameworks";
				PRODUCT_BUNDLE_IDENTIFIER = com.zhuyifeng.MYTagsViewDemo;
				PRODUCT_NAME = "$(TARGET_NAME)";
				SWIFT_VERSION = 3.0;
			};
			name = Release;
		};
/* End XCBuildConfiguration section */

/* Begin XCConfigurationList section */
		40811A5A1E4D583E0048C489 /* Build configuration list for PBXProject "MYTagsViewDemo" */ = {
			isa = XCConfigurationList;
			buildConfigurations = (
				40811A6F1E4D583E0048C489 /* Debug */,
				40811A701E4D583E0048C489 /* Release */,
			);
			defaultConfigurationIsVisible = 0;
			defaultConfigurationName = Release;
		};
		40811A711E4D583E0048C489 /* Build configuration list for PBXNativeTarget "MYTagsViewDemo" */ = {
			isa = XCConfigurationList;
			buildConfigurations = (
				40811A721E4D583E0048C489 /* Debug */,
				40811A731E4D583E0048C489 /* Release */,
			);
			defaultConfigurationIsVisible = 0;
		};
/* End XCConfigurationList section */
	};
	rootObject = 40811A571E4D583E0048C489 /* Project object */;
}
